
Microsoft Visual Studio Solution File, Format Version 12.00
# Visual Studio Version 16
VisualStudioVersion = 16.0.29509.3
MinimumVisualStudioVersion = 10.0.40219.1
Project("{9A19103F-16F7-4668-BE54-9A1E7A4F7556}") = "CSharp.Assignments.Dict", "CSharp.Assignments.Dict\CSharp.Assignments.Dict.csproj", "{3F9D3B3D-FB2C-42A0-A1D7-7B61F81A819D}"
EndProject
Project("{9A19103F-16F7-4668-BE54-9A1E7A4F7556}") = "CSharp.Assignments.Dict.Tests", "CSharp.Assignments.Dict.Tests\CSharp.Assignments.Dict.Tests.csproj", "{98D8AE85-CA0F-45FC-9986-23020AF87503}"
EndProject
Global
	GlobalSection(SolutionConfigurationPlatforms) = preSolution
		Debug|Any CPU = Debug|Any CPU
		Release|Any CPU = Release|Any CPU
	EndGlobalSection
	GlobalSection(ProjectConfigurationPlatforms) = postSolution
		{3F9D3B3D-FB2C-42A0-A1D7-7B61F81A819D}.Debug|Any CPU.ActiveCfg = Debug|Any CPU
		{3F9D3B3D-FB2C-42A0-A1D7-7B61F81A819D}.Debug|Any CPU.Build.0 = Debug|Any CPU
		{3F9D3B3D-FB2C-42A0-A1D7-7B61F81A819D}.Release|Any CPU.ActiveCfg = Release|Any CPU
		{3F9D3B3D-FB2C-42A0-A1D7-7B61F81A819D}.Release|Any CPU.Build.0 = Release|Any CPU
		{98D8AE85-CA0F-45FC-9986-23020AF87503}.Debug|Any CPU.ActiveCfg = Debug|Any CPU
		{98D8AE85-CA0F-45FC-9986-23020AF87503}.Debug|Any CPU.Build.0 = Debug|Any CPU
		{98D8AE85-CA0F-45FC-9986-23020AF87503}.Release|Any CPU.ActiveCfg = Release|Any CPU
		{98D8AE85-CA0F-45FC-9986-23020AF87503}.Release|Any CPU.Build.0 = Release|Any CPU
	EndGlobalSection
	GlobalSection(SolutionProperties) = preSolution
		HideSolutionNode = FALSE
	EndGlobalSection
	GlobalSection(ExtensibilityGlobals) = postSolution
		SolutionGuid = {C454709D-7206-47F1-964B-049DF663639F}
	EndGlobalSection
EndGlobal
